
Microsoft Visual Studio Solution File, Format Version 12.00
# Visual Studio Version 17
VisualStudioVersion = 17.9.34616.47
MinimumVisualStudioVersion = 10.0.40219.1
Project("{9A19103F-16F7-4668-BE54-9A1E7A4F7556}") = "BulkyWeb", "BulkyWeb\BulkyWeb.csproj", "{AE4C8F17-005D-446F-AE38-5F4E6E1B1C55}"
EndProject
Project("{9A19103F-16F7-4668-BE54-9A1E7A4F7556}") = "BulkyWebRazor_Temp", "BulkyWebRazor_Temp\BulkyWebRazor_Temp.csproj", "{DE327EFF-6C4F-4C00-A091-3C79CCDE00AB}"
EndProject
Global
	GlobalSection(SolutionConfigurationPlatforms) = preSolution
		Debug|Any CPU = Debug|Any CPU
		Release|Any CPU = Release|Any CPU
	EndGlobalSection
	GlobalSection(ProjectConfigurationPlatforms) = postSolution
		{AE4C8F17-005D-446F-AE38-5F4E6E1B1C55}.Debug|Any CPU.ActiveCfg = Debug|Any CPU
		{AE4C8F17-005D-446F-AE38-5F4E6E1B1C55}.Debug|Any CPU.Build.0 = Debug|Any CPU
		{AE4C8F17-005D-446F-AE38-5F4E6E1B1C55}.Release|Any CPU.ActiveCfg = Release|Any CPU
		{AE4C8F17-005D-446F-AE38-5F4E6E1B1C55}.Release|Any CPU.Build.0 = Release|Any CPU
		{DE327EFF-6C4F-4C00-A091-3C79CCDE00AB}.Debug|Any CPU.ActiveCfg = Debug|Any CPU
		{DE327EFF-6C4F-4C00-A091-3C79CCDE00AB}.Debug|Any CPU.Build.0 = Debug|Any CPU
		{DE327EFF-6C4F-4C00-A091-3C79CCDE00AB}.Release|Any CPU.ActiveCfg = Release|Any CPU
		{DE327EFF-6C4F-4C00-A091-3C79CCDE00AB}.Release|Any CPU.Build.0 = Release|Any CPU
	EndGlobalSection
	GlobalSection(SolutionProperties) = preSolution
		HideSolutionNode = FALSE
	EndGlobalSection
	GlobalSection(ExtensibilityGlobals) = postSolution
		SolutionGuid = {BE9C4E66-C36A-4AAF-8789-9A9CA7FD713F}
	EndGlobalSection
EndGlobal
